
Microsoft Visual Studio Solution File, Format Version 11.00
# Visual Studio 2010
Project("{FAE04EC0-301F-11D3-BF4B-00C04F79EFBC}") = "RiotControl", "RiotControl\RiotControl.csproj", "{E832D261-190A-4B02-BBB8-C5570954A64B}"
	ProjectSection(ProjectDependencies) = postProject
		{689AC8B3-41AB-479F-BEE1-A104B577B408} = {689AC8B3-41AB-479F-BEE1-A104B577B408}
	EndProjectSection
EndProject
Project("{FAE04EC0-301F-11D3-BF4B-00C04F79EFBC}") = "RiotGear", "RiotGear\RiotGear.csproj", "{689AC8B3-41AB-479F-BEE1-A104B577B408}"
EndProject
Project("{FAE04EC0-301F-11D3-BF4B-00C04F79EFBC}") = "RiotShield", "RiotShield\RiotShield.csproj", "{5F31520B-2978-4417-A5C1-8B4A4CCD0B34}"
	ProjectSection(ProjectDependencies) = postProject
		{689AC8B3-41AB-479F-BEE1-A104B577B408} = {689AC8B3-41AB-479F-BEE1-A104B577B408}
	EndProjectSection
EndProject
Project("{FAE04EC0-301F-11D3-BF4B-00C04F79EFBC}") = "RiotUpdate", "RiotUpdate\RiotUpdate.csproj", "{3A41A825-2CC1-424D-8732-A000951DE845}"
EndProject
Global
	GlobalSection(SolutionConfigurationPlatforms) = preSolution
		Debug|Any CPU = Debug|Any CPU
		Debug|Mixed Platforms = Debug|Mixed Platforms
		Debug|x86 = Debug|x86
		Release|Any CPU = Release|Any CPU
		Release|Mixed Platforms = Release|Mixed Platforms
		Release|x86 = Release|x86
	EndGlobalSection
	GlobalSection(ProjectConfigurationPlatforms) = postSolution
		{3A41A825-2CC1-424D-8732-A000951DE845}.Debug|Any CPU.ActiveCfg = Debug|Any CPU
		{3A41A825-2CC1-424D-8732-A000951DE845}.Debug|Any CPU.Build.0 = Debug|Any CPU
		{3A41A825-2CC1-424D-8732-A000951DE845}.Debug|Mixed Platforms.ActiveCfg = Debug|Any CPU
		{3A41A825-2CC1-424D-8732-A000951DE845}.Debug|Mixed Platforms.Build.0 = Debug|Any CPU
		{3A41A825-2CC1-424D-8732-A000951DE845}.Debug|x86.ActiveCfg = Debug|Any CPU
		{3A41A825-2CC1-424D-8732-A000951DE845}.Debug|x86.Build.0 = Debug|Any CPU
		{3A41A825-2CC1-424D-8732-A000951DE845}.Release|Any CPU.ActiveCfg = Release|Any CPU
		{3A41A825-2CC1-424D-8732-A000951DE845}.Release|Any CPU.Build.0 = Release|Any CPU
		{3A41A825-2CC1-424D-8732-A000951DE845}.Release|Mixed Platforms.ActiveCfg = Release|Any CPU
		{3A41A825-2CC1-424D-8732-A000951DE845}.Release|Mixed Platforms.Build.0 = Release|Any CPU
		{3A41A825-2CC1-424D-8732-A000951DE845}.Release|x86.ActiveCfg = Release|Any CPU
		{5F31520B-2978-4417-A5C1-8B4A4CCD0B34}.Debug|Any CPU.ActiveCfg = Debug|Any CPU
		{5F31520B-2978-4417-A5C1-8B4A4CCD0B34}.Debug|Any CPU.Build.0 = Debug|Any CPU
		{5F31520B-2978-4417-A5C1-8B4A4CCD0B34}.Debug|Mixed Platforms.ActiveCfg = Debug|Any CPU
		{5F31520B-2978-4417-A5C1-8B4A4CCD0B34}.Debug|Mixed Platforms.Build.0 = Debug|Any CPU
		{5F31520B-2978-4417-A5C1-8B4A4CCD0B34}.Debug|x86.ActiveCfg = Debug|x86
		{5F31520B-2978-4417-A5C1-8B4A4CCD0B34}.Debug|x86.Build.0 = Debug|x86
		{5F31520B-2978-4417-A5C1-8B4A4CCD0B34}.Release|Any CPU.ActiveCfg = Release|Any CPU
		{5F31520B-2978-4417-A5C1-8B4A4CCD0B34}.Release|Any CPU.Build.0 = Release|Any CPU
		{5F31520B-2978-4417-A5C1-8B4A4CCD0B34}.Release|Mixed Platforms.ActiveCfg = Release|Any CPU
		{5F31520B-2978-4417-A5C1-8B4A4CCD0B34}.Release|Mixed Platforms.Build.0 = Release|Any CPU
		{5F31520B-2978-4417-A5C1-8B4A4CCD0B34}.Release|x86.ActiveCfg = Release|Any CPU
		{689AC8B3-41AB-479F-BEE1-A104B577B408}.Debug|Any CPU.ActiveCfg = Debug|Any CPU
		{689AC8B3-41AB-479F-BEE1-A104B577B408}.Debug|Any CPU.Build.0 = Debug|Any CPU
		{689AC8B3-41AB-479F-BEE1-A104B577B408}.Debug|Mixed Platforms.ActiveCfg = Debug|Any CPU
		{689AC8B3-41AB-479F-BEE1-A104B577B408}.Debug|Mixed Platforms.Build.0 = Debug|Any CPU
		{689AC8B3-41AB-479F-BEE1-A104B577B408}.Debug|x86.ActiveCfg = Debug|x86
		{689AC8B3-41AB-479F-BEE1-A104B577B408}.Debug|x86.Build.0 = Debug|x86
		{689AC8B3-41AB-479F-BEE1-A104B577B408}.Release|Any CPU.ActiveCfg = Release|Any CPU
		{689AC8B3-41AB-479F-BEE1-A104B577B408}.Release|Any CPU.Build.0 = Release|Any CPU
		{689AC8B3-41AB-479F-BEE1-A104B577B408}.Release|Mixed Platforms.ActiveCfg = Release|Any CPU
		{689AC8B3-41AB-479F-BEE1-A104B577B408}.Release|Mixed Platforms.Build.0 = Release|Any CPU
		{689AC8B3-41AB-479F-BEE1-A104B577B408}.Release|x86.ActiveCfg = Release|x86
		{689AC8B3-41AB-479F-BEE1-A104B577B408}.Release|x86.Build.0 = Release|x86
		{E832D261-190A-4B02-BBB8-C5570954A64B}.Debug|Any CPU.ActiveCfg = Debug|x86
		{E832D261-190A-4B02-BBB8-C5570954A64B}.Debug|Mixed Platforms.ActiveCfg = Debug|x86
		{E832D261-190A-4B02-BBB8-C5570954A64B}.Debug|Mixed Platforms.Build.0 = Debug|x86
		{E832D261-190A-4B02-BBB8-C5570954A64B}.Debug|x86.ActiveCfg = Debug|x86
		{E832D261-190A-4B02-BBB8-C5570954A64B}.Debug|x86.Build.0 = Debug|x86
		{E832D261-190A-4B02-BBB8-C5570954A64B}.Release|Any CPU.ActiveCfg = Release|x86
		{E832D261-190A-4B02-BBB8-C5570954A64B}.Release|Mixed Platforms.ActiveCfg = Release|x86
		{E832D261-190A-4B02-BBB8-C5570954A64B}.Release|Mixed Platforms.Build.0 = Release|x86
		{E832D261-190A-4B02-BBB8-C5570954A64B}.Release|x86.ActiveCfg = Release|x86
		{E832D261-190A-4B02-BBB8-C5570954A64B}.Release|x86.Build.0 = Release|x86
	EndGlobalSection
	GlobalSection(SolutionProperties) = preSolution
		HideSolutionNode = FALSE
	EndGlobalSection
EndGlobal
